// !$*UTF8*$!
{
	archiveVersion = 1;
	classes = {
	};
	objectVersion = 56;
	objects = {

/* Begin PBXBuildFile section */
		B55D212E2CD5C5D700179EBB /* HCI_2App.swift in Sources */ = {isa = PBXBuildFile; fileRef = B55D212D2CD5C5D700179EBB /* HCI_2App.swift */; };
		B55D21302CD5C5D700179EBB /* ContentView.swift in Sources */ = {isa = PBXBuildFile; fileRef = B55D212F2CD5C5D700179EBB /* ContentView.swift */; };
		B55D21322CD5C5D900179EBB /* Assets.xcassets in Resources */ = {isa = PBXBuildFile; fileRef = B55D21312CD5C5D900179EBB /* Assets.xcassets */; };
		B55D21352CD5C5D900179EBB /* Preview Assets.xcassets in Resources */ = {isa = PBXBuildFile; fileRef = B55D21342CD5C5D900179EBB /* Preview Assets.xcassets */; };
		B55D213F2CD5C5DA00179EBB /* HCI_2Tests.swift in Sources */ = {isa = PBXBuildFile; fileRef = B55D213E2CD5C5DA00179EBB /* HCI_2Tests.swift */; };
		B55D21492CD5C5DA00179EBB /* HCI_2UITests.swift in Sources */ = {isa = PBXBuildFile; fileRef = B55D21482CD5C5DA00179EBB /* HCI_2UITests.swift */; };
		B55D214B2CD5C5DA00179EBB /* HCI_2UITestsLaunchTests.swift in Sources */ = {isa = PBXBuildFile; fileRef = B55D214A2CD5C5DA00179EBB /* HCI_2UITestsLaunchTests.swift */; };
/* End PBXBuildFile section */

/* Begin PBXContainerItemProxy section */
		B55D213B2CD5C5DA00179EBB /* PBXContainerItemProxy */ = {
			isa = PBXContainerItemProxy;
			containerPortal = B55D21222CD5C5D700179EBB /* Project object */;
			proxyType = 1;
			remoteGlobalIDString = B55D21292CD5C5D700179EBB;
			remoteInfo = HCI_2;
		};
		B55D21452CD5C5DA00179EBB /* PBXContainerItemProxy */ = {
			isa = PBXContainerItemProxy;
			containerPortal = B55D21222CD5C5D700179EBB /* Project object */;
			proxyType = 1;
			remoteGlobalIDString = B55D21292CD5C5D700179EBB;
			remoteInfo = HCI_2;
		};
/* End PBXContainerItemProxy section */

/* Begin PBXFileReference section */
		B55D212A2CD5C5D700179EBB /* HCI_2.app */ = {isa = PBXFileReference; explicitFileType = wrapper.application; includeInIndex = 0; path = HCI_2.app; sourceTree = BUILT_PRODUCTS_DIR; };
		B55D212D2CD5C5D700179EBB /* HCI_2App.swift */ = {isa = PBXFileReference; lastKnownFileType = sourcecode.swift; path = HCI_2App.swift; sourceTree = "<group>"; };
		B55D212F2CD5C5D700179EBB /* ContentView.swift */ = {isa = PBXFileReference; lastKnownFileType = sourcecode.swift; path = ContentView.swift; sourceTree = "<group>"; };
		B55D21312CD5C5D900179EBB /* Assets.xcassets */ = {isa = PBXFileReference; lastKnownFileType = folder.assetcatalog; path = Assets.xcassets; sourceTree = "<group>"; };
		B55D21342CD5C5D900179EBB /* Preview Assets.xcassets */ = {isa = PBXFileReference; lastKnownFileType = folder.assetcatalog; path = "Preview Assets.xcassets"; sourceTree = "<group>"; };
		B55D213A2CD5C5DA00179EBB /* HCI_2Tests.xctest */ = {isa = PBXFileReference; explicitFileType = wrapper.cfbundle; includeInIndex = 0; path = HCI_2Tests.xctest; sourceTree = BUILT_PRODUCTS_DIR; };
		B55D213E2CD5C5DA00179EBB /* HCI_2Tests.swift */ = {isa = PBXFileReference; lastKnownFileType = sourcecode.swift; path = HCI_2Tests.swift; sourceTree = "<group>"; };
		B55D21442CD5C5DA00179EBB /* HCI_2UITests.xctest */ = {isa = PBXFileReference; explicitFileType = wrapper.cfbundle; includeInIndex = 0; path = HCI_2UITests.xctest; sourceTree = BUILT_PRODUCTS_DIR; };
		B55D21482CD5C5DA00179EBB /* HCI_2UITests.swift */ = {isa = PBXFileReference; lastKnownFileType = sourcecode.swift; path = HCI_2UITests.swift; sourceTree = "<group>"; };
		B55D214A2CD5C5DA00179EBB /* HCI_2UITestsLaunchTests.swift */ = {isa = PBXFileReference; lastKnownFileType = sourcecode.swift; path = HCI_2UITestsLaunchTests.swift; sourceTree = "<group>"; };
/* End PBXFileReference section */

/* Begin PBXFrameworksBuildPhase section */
		B55D21272CD5C5D700179EBB /* Frameworks */ = {
			isa = PBXFrameworksBuildPhase;
			buildActionMask = 2147483647;
			files = (
			);
			runOnlyForDeploymentPostprocessing = 0;
		};
		B55D21372CD5C5DA00179EBB /* Frameworks */ = {
			isa = PBXFrameworksBuildPhase;
			buildActionMask = 2147483647;
			files = (
			);
			runOnlyForDeploymentPostprocessing = 0;
		};
		B55D21412CD5C5DA00179EBB /* Frameworks */ = {
			isa = PBXFrameworksBuildPhase;
			buildActionMask = 2147483647;
			files = (
			);
			runOnlyForDeploymentPostprocessing = 0;
		};
/* End PBXFrameworksBuildPhase section */

/* Begin PBXGroup section */
		B55D21212CD5C5D700179EBB = {
			isa = PBXGroup;
			children = (
				B55D212C2CD5C5D700179EBB /* HCI_2 */,
				B55D213D2CD5C5DA00179EBB /* HCI_2Tests */,
				B55D21472CD5C5DA00179EBB /* HCI_2UITests */,
				B55D212B2CD5C5D700179EBB /* Products */,
			);
			sourceTree = "<group>";
		};
		B55D212B2CD5C5D700179EBB /* Products */ = {
			isa = PBXGroup;
			children = (
				B55D212A2CD5C5D700179EBB /* HCI_2.app */,
				B55D213A2CD5C5DA00179EBB /* HCI_2Tests.xctest */,
				B55D21442CD5C5DA00179EBB /* HCI_2UITests.xctest */,
			);
			name = Products;
			sourceTree = "<group>";
		};
		B55D212C2CD5C5D700179EBB /* HCI_2 */ = {
			isa = PBXGroup;
			children = (
				B55D212D2CD5C5D700179EBB /* HCI_2App.swift */,
				B55D212F2CD5C5D700179EBB /* ContentView.swift */,
				B55D21312CD5C5D900179EBB /* Assets.xcassets */,
				B55D21332CD5C5D900179EBB /* Preview Content */,
			);
			path = HCI_2;
			sourceTree = "<group>";
		};
		B55D21332CD5C5D900179EBB /* Preview Content */ = {
			isa = PBXGroup;
			children = (
				B55D21342CD5C5D900179EBB /* Preview Assets.xcassets */,
			);
			path = "Preview Content";
			sourceTree = "<group>";
		};
		B55D213D2CD5C5DA00179EBB /* HCI_2Tests */ = {
			isa = PBXGroup;
			children = (
				B55D213E2CD5C5DA00179EBB /* HCI_2Tests.swift */,
			);
			path = HCI_2Tests;
			sourceTree = "<group>";
		};
		B55D21472CD5C5DA00179EBB /* HCI_2UITests */ = {
			isa = PBXGroup;
			children = (
				B55D21482CD5C5DA00179EBB /* HCI_2UITests.swift */,
				B55D214A2CD5C5DA00179EBB /* HCI_2UITestsLaunchTests.swift */,
			);
			path = HCI_2UITests;
			sourceTree = "<group>";
		};
/* End PBXGroup section */

/* Begin PBXNativeTarget section */
		B55D21292CD5C5D700179EBB /* HCI_2 */ = {
			isa = PBXNativeTarget;
			buildConfigurationList = B55D214E2CD5C5DA00179EBB /* Build configuration list for PBXNativeTarget "HCI_2" */;
			buildPhases = (
				B55D21262CD5C5D700179EBB /* Sources */,
				B55D21272CD5C5D700179EBB /* Frameworks */,
				B55D21282CD5C5D700179EBB /* Resources */,
			);
			buildRules = (
			);
			dependencies = (
			);
			name = HCI_2;
			productName = HCI_2;
			productReference = B55D212A2CD5C5D700179EBB /* HCI_2.app */;
			productType = "com.apple.product-type.application";
		};
		B55D21392CD5C5DA00179EBB /* HCI_2Tests */ = {
			isa = PBXNativeTarget;
			buildConfigurationList = B55D21512CD5C5DA00179EBB /* Build configuration list for PBXNativeTarget "HCI_2Tests" */;
			buildPhases = (
				B55D21362CD5C5DA00179EBB /* Sources */,
				B55D21372CD5C5DA00179EBB /* Frameworks */,
				B55D21382CD5C5DA00179EBB /* Resources */,
			);
			buildRules = (
			);
			dependencies = (
				B55D213C2CD5C5DA00179EBB /* PBXTargetDependency */,
			);
			name = HCI_2Tests;
			productName = HCI_2Tests;
			productReference = B55D213A2CD5C5DA00179EBB /* HCI_2Tests.xctest */;
			productType = "com.apple.product-type.bundle.unit-test";
		};
		B55D21432CD5C5DA00179EBB /* HCI_2UITests */ = {
			isa = PBXNativeTarget;
			buildConfigurationList = B55D21542CD5C5DA00179EBB /* Build configuration list for PBXNativeTarget "HCI_2UITests" */;
			buildPhases = (
				B55D21402CD5C5DA00179EBB /* Sources */,
				B55D21412CD5C5DA00179EBB /* Frameworks */,
				B55D21422CD5C5DA00179EBB /* Resources */,
			);
			buildRules = (
			);
			dependencies = (
				B55D21462CD5C5DA00179EBB /* PBXTargetDependency */,
			);
			name = HCI_2UITests;
			productName = HCI_2UITests;
			productReference = B55D21442CD5C5DA00179EBB /* HCI_2UITests.xctest */;
			productType = "com.apple.product-type.bundle.ui-testing";
		};
/* End PBXNativeTarget section */

/* Begin PBXProject section */
		B55D21222CD5C5D700179EBB /* Project object */ = {
			isa = PBXProject;
			attributes = {
				BuildIndependentTargetsInParallel = 1;
				LastSwiftUpdateCheck = 1510;
				LastUpgradeCheck = 1510;
				TargetAttributes = {
					B55D21292CD5C5D700179EBB = {
						CreatedOnToolsVersion = 15.1;
					};
					B55D21392CD5C5DA00179EBB = {
						CreatedOnToolsVersion = 15.1;
						TestTargetID = B55D21292CD5C5D700179EBB;
					};
					B55D21432CD5C5DA00179EBB = {
						CreatedOnToolsVersion = 15.1;
						TestTargetID = B55D21292CD5C5D700179EBB;
					};
				};
			};
			buildConfigurationList = B55D21252CD5C5D700179EBB /* Build configuration list for PBXProject "HCI_2" */;
			compatibilityVersion = "Xcode 14.0";
			developmentRegion = en;
			hasScannedForEncodings = 0;
			knownRegions = (
				en,
				Base,
			);
			mainGroup = B55D21212CD5C5D700179EBB;
			productRefGroup = B55D212B2CD5C5D700179EBB /* Products */;
			projectDirPath = "";
			projectRoot = "";
			targets = (
				B55D21292CD5C5D700179EBB /* HCI_2 */,
				B55D21392CD5C5DA00179EBB /* HCI_2Tests */,
				B55D21432CD5C5DA00179EBB /* HCI_2UITests */,
			);
		};
/* End PBXProject section */

/* Begin PBXResourcesBuildPhase section */
		B55D21282CD5C5D700179EBB /* Resources */ = {
			isa = PBXResourcesBuildPhase;
			buildActionMask = 2147483647;
			files = (
				B55D21352CD5C5D900179EBB /* Preview Assets.xcassets in Resources */,
				B55D21322CD5C5D900179EBB /* Assets.xcassets in Resources */,
			);
			runOnlyForDeploymentPostprocessing = 0;
		};
		B55D21382CD5C5DA00179EBB /* Resources */ = {
			isa = PBXResourcesBuildPhase;
			buildActionMask = 2147483647;
			files = (
			);
			runOnlyForDeploymentPostprocessing = 0;
		};
		B55D21422CD5C5DA00179EBB /* Resources */ = {
			isa = PBXResourcesBuildPhase;
			buildActionMask = 2147483647;
			files = (
			);
			runOnlyForDeploymentPostprocessing = 0;
		};
/* End PBXResourcesBuildPhase section */

/* Begin PBXSourcesBuildPhase section */
		B55D21262CD5C5D700179EBB /* Sources */ = {
			isa = PBXSourcesBuildPhase;
			buildActionMask = 2147483647;
			files = (
				B55D21302CD5C5D700179EBB /* ContentView.swift in Sources */,
				B55D212E2CD5C5D700179EBB /* HCI_2App.swift in Sources */,
			);
			runOnlyForDeploymentPostprocessing = 0;
		};
		B55D21362CD5C5DA00179EBB /* Sources */ = {
			isa = PBXSourcesBuildPhase;
			buildActionMask = 2147483647;
			files = (
				B55D213F2CD5C5DA00179EBB /* HCI_2Tests.swift in Sources */,
			);
			runOnlyForDeploymentPostprocessing = 0;
		};
		B55D21402CD5C5DA00179EBB /* Sources */ = {
			isa = PBXSourcesBuildPhase;
			buildActionMask = 2147483647;
			files = (
				B55D214B2CD5C5DA00179EBB /* HCI_2UITestsLaunchTests.swift in Sources */,
				B55D21492CD5C5DA00179EBB /* HCI_2UITests.swift in Sources */,
			);
			runOnlyForDeploymentPostprocessing = 0;
		};
/* End PBXSourcesBuildPhase section */

/* Begin PBXTargetDependency section */
		B55D213C2CD5C5DA00179EBB /* PBXTargetDependency */ = {
			isa = PBXTargetDependency;
			target = B55D21292CD5C5D700179EBB /* HCI_2 */;
			targetProxy = B55D213B2CD5C5DA00179EBB /* PBXContainerItemProxy */;
		};
		B55D21462CD5C5DA00179EBB /* PBXTargetDependency */ = {
			isa = PBXTargetDependency;
			target = B55D21292CD5C5D700179EBB /* HCI_2 */;
			targetProxy = B55D21452CD5C5DA00179EBB /* PBXContainerItemProxy */;
		};
/* End PBXTargetDependency section */

/* Begin XCBuildConfiguration section */
		B55D214C2CD5C5DA00179EBB /* Debug */ = {
			isa = XCBuildConfiguration;
			buildSettings = {
				ALWAYS_SEARCH_USER_PATHS = NO;
				ASSETCATALOG_COMPILER_GENERATE_SWIFT_ASSET_SYMBOL_EXTENSIONS = YES;
				CLANG_ANALYZER_NONNULL = YES;
				CLANG_ANALYZER_NUMBER_OBJECT_CONVERSION = YES_AGGRESSIVE;
				CLANG_CXX_LANGUAGE_STANDARD = "gnu++20";
				CLANG_ENABLE_MODULES = YES;
				CLANG_ENABLE_OBJC_ARC = YES;
				CLANG_ENABLE_OBJC_WEAK = YES;
				CLANG_WARN_BLOCK_CAPTURE_AUTORELEASING = YES;
				CLANG_WARN_BOOL_CONVERSION = YES;
				CLANG_WARN_COMMA = YES;
				CLANG_WARN_CONSTANT_CONVERSION = YES;
				CLANG_WARN_DEPRECATED_OBJC_IMPLEMENTATIONS = YES;
				CLANG_WARN_DIRECT_OBJC_ISA_USAGE = YES_ERROR;
				CLANG_WARN_DOCUMENTATION_COMMENTS = YES;
				CLANG_WARN_EMPTY_BODY = YES;
				CLANG_WARN_ENUM_CONVERSION = YES;
				CLANG_WARN_INFINITE_RECURSION = YES;
				CLANG_WARN_INT_CONVERSION = YES;
				CLANG_WARN_NON_LITERAL_NULL_CONVERSION = YES;
				CLANG_WARN_OBJC_IMPLICIT_RETAIN_SELF = YES;
				CLANG_WARN_OBJC_LITERAL_CONVERSION = YES;
				CLANG_WARN_OBJC_ROOT_CLASS = YES_ERROR;
				CLANG_WARN_QUOTED_INCLUDE_IN_FRAMEWORK_HEADER = YES;
				CLANG_WARN_RANGE_LOOP_ANALYSIS = YES;
				CLANG_WARN_STRICT_PROTOTYPES = YES;
				CLANG_WARN_SUSPICIOUS_MOVE = YES;
				CLANG_WARN_UNGUARDED_AVAILABILITY = YES_AGGRESSIVE;
				CLANG_WARN_UNREACHABLE_CODE = YES;
				CLANG_WARN__DUPLICATE_METHOD_MATCH = YES;
				COPY_PHASE_STRIP = NO;
				DEBUG_INFORMATION_FORMAT = dwarf;
				ENABLE_STRICT_OBJC_MSGSEND = YES;
				ENABLE_TESTABILITY = YES;
				ENABLE_USER_SCRIPT_SANDBOXING = YES;
				GCC_C_LANGUAGE_STANDARD = gnu17;
				GCC_DYNAMIC_NO_PIC = NO;
				GCC_NO_COMMON_BLOCKS = YES;
				GCC_OPTIMIZATION_LEVEL = 0;
				GCC_PREPROCESSOR_DEFINITIONS = (
					"DEBUG=1",
					"$(inherited)",
				);
				GCC_WARN_64_TO_32_BIT_CONVERSION = YES;
				GCC_WARN_ABOUT_RETURN_TYPE = YES_ERROR;
				GCC_WARN_UNDECLARED_SELECTOR = YES;
				GCC_WARN_UNINITIALIZED_AUTOS = YES_AGGRESSIVE;
				GCC_WARN_UNUSED_FUNCTION = YES;
				GCC_WARN_UNUSED_VARIABLE = YES;
				IPHONEOS_DEPLOYMENT_TARGET = 17.2;
				LOCALIZATION_PREFERS_STRING_CATALOGS = YES;
				MTL_ENABLE_DEBUG_INFO = INCLUDE_SOURCE;
				MTL_FAST_MATH = YES;
				ONLY_ACTIVE_ARCH = YES;
				SDKROOT = iphoneos;
				SWIFT_ACTIVE_COMPILATION_CONDITIONS = "DEBUG $(inherited)";
				SWIFT_OPTIMIZATION_LEVEL = "-Onone";
			};
			name = Debug;
		};
		B55D214D2CD5C5DA00179EBB /* Release */ = {
			isa = XCBuildConfiguration;
			buildSettings = {
				ALWAYS_SEARCH_USER_PATHS = NO;
				ASSETCATALOG_COMPILER_GENERATE_SWIFT_ASSET_SYMBOL_EXTENSIONS = YES;
				CLANG_ANALYZER_NONNULL = YES;
				CLANG_ANALYZER_NUMBER_OBJECT_CONVERSION = YES_AGGRESSIVE;
				CLANG_CXX_LANGUAGE_STANDARD = "gnu++20";
				CLANG_ENABLE_MODULES = YES;
				CLANG_ENABLE_OBJC_ARC = YES;
				CLANG_ENABLE_OBJC_WEAK = YES;
				CLANG_WARN_BLOCK_CAPTURE_AUTORELEASING = YES;
				CLANG_WARN_BOOL_CONVERSION = YES;
				CLANG_WARN_COMMA = YES;
				CLANG_WARN_CONSTANT_CONVERSION = YES;
				CLANG_WARN_DEPRECATED_OBJC_IMPLEMENTATIONS = YES;
				CLANG_WARN_DIRECT_OBJC_ISA_USAGE = YES_ERROR;
				CLANG_WARN_DOCUMENTATION_COMMENTS = YES;
				CLANG_WARN_EMPTY_BODY = YES;
				CLANG_WARN_ENUM_CONVERSION = YES;
				CLANG_WARN_INFINITE_RECURSION = YES;
				CLANG_WARN_INT_CONVERSION = YES;
				CLANG_WARN_NON_LITERAL_NULL_CONVERSION = YES;
				CLANG_WARN_OBJC_IMPLICIT_RETAIN_SELF = YES;
				CLANG_WARN_OBJC_LITERAL_CONVERSION = YES;
				CLANG_WARN_OBJC_ROOT_CLASS = YES_ERROR;
				CLANG_WARN_QUOTED_INCLUDE_IN_FRAMEWORK_HEADER = YES;
				CLANG_WARN_RANGE_LOOP_ANALYSIS = YES;
				CLANG_WARN_STRICT_PROTOTYPES = YES;
				CLANG_WARN_SUSPICIOUS_MOVE = YES;
				CLANG_WARN_UNGUARDED_AVAILABILITY = YES_AGGRESSIVE;
				CLANG_WARN_UNREACHABLE_CODE = YES;
				CLANG_WARN__DUPLICATE_METHOD_MATCH = YES;
				COPY_PHASE_STRIP = NO;
				DEBUG_INFORMATION_FORMAT = "dwarf-with-dsym";
				ENABLE_NS_ASSERTIONS = NO;
				ENABLE_STRICT_OBJC_MSGSEND = YES;
				ENABLE_USER_SCRIPT_SANDBOXING = YES;
				GCC_C_LANGUAGE_STANDARD = gnu17;
				GCC_NO_COMMON_BLOCKS = YES;
				GCC_WARN_64_TO_32_BIT_CONVERSION = YES;
				GCC_WARN_ABOUT_RETURN_TYPE = YES_ERROR;
				GCC_WARN_UNDECLARED_SELECTOR = YES;
				GCC_WARN_UNINITIALIZED_AUTOS = YES_AGGRESSIVE;
				GCC_WARN_UNUSED_FUNCTION = YES;
				GCC_WARN_UNUSED_VARIABLE = YES;
				IPHONEOS_DEPLOYMENT_TARGET = 17.2;
				LOCALIZATION_PREFERS_STRING_CATALOGS = YES;
				MTL_ENABLE_DEBUG_INFO = NO;
				MTL_FAST_MATH = YES;
				SDKROOT = iphoneos;
				SWIFT_COMPILATION_MODE = wholemodule;
				VALIDATE_PRODUCT = YES;
			};
			name = Release;
		};
		B55D214F2CD5C5DA00179EBB /* Debug */ = {
			isa = XCBuildConfiguration;
			buildSettings = {
				ASSETCATALOG_COMPILER_APPICON_NAME = AppIcon;
				ASSETCATALOG_COMPILER_GLOBAL_ACCENT_COLOR_NAME = AccentColor;
				CODE_SIGN_STYLE = Automatic;
				CURRENT_PROJECT_VERSION = 1;
				DEVELOPMENT_ASSET_PATHS = "\"HCI_2/Preview Content\"";
				ENABLE_PREVIEWS = YES;
				GENERATE_INFOPLIST_FILE = YES;
				INFOPLIST_KEY_UIApplicationSceneManifest_Generation = YES;
				INFOPLIST_KEY_UIApplicationSupportsIndirectInputEvents = YES;
				INFOPLIST_KEY_UILaunchScreen_Generation = YES;
				INFOPLIST_KEY_UISupportedInterfaceOrientations_iPad = "UIInterfaceOrientationPortrait UIInterfaceOrientationPortraitUpsideDown UIInterfaceOrientationLandscapeLeft UIInterfaceOrientationLandscapeRight";
				INFOPLIST_KEY_UISupportedInterfaceOrientations_iPhone = "UIInterfaceOrientationPortrait UIInterfaceOrientationLandscapeLeft UIInterfaceOrientationLandscapeRight";
				LD_RUNPATH_SEARCH_PATHS = (
					"$(inherited)",
					"@executable_path/Frameworks",
				);
				MARKETING_VERSION = 1.0;
				PRODUCT_BUNDLE_IDENTIFIER = "seo.HCI-2";
				PRODUCT_NAME = "$(TARGET_NAME)";
				SWIFT_EMIT_LOC_STRINGS = YES;
				SWIFT_VERSION = 5.0;
				TARGETED_DEVICE_FAMILY = "1,2";
			};
			name = Debug;
		};
		B55D21502CD5C5DA00179EBB /* Release */ = {
			isa = XCBuildConfiguration;
			buildSettings = {
				ASSETCATALOG_COMPILER_APPICON_NAME = AppIcon;
				ASSETCATALOG_COMPILER_GLOBAL_ACCENT_COLOR_NAME = AccentColor;
				CODE_SIGN_STYLE = Automatic;
				CURRENT_PROJECT_VERSION = 1;
				DEVELOPMENT_ASSET_PATHS = "\"HCI_2/Preview Content\"";
				ENABLE_PREVIEWS = YES;
				GENERATE_INFOPLIST_FILE = YES;
				INFOPLIST_KEY_UIApplicationSceneManifest_Generation = YES;
				INFOPLIST_KEY_UIApplicationSupportsIndirectInputEvents = YES;
				INFOPLIST_KEY_UILaunchScreen_Generation = YES;
				INFOPLIST_KEY_UISupportedInterfaceOrientations_iPad = "UIInterfaceOrientationPortrait UIInterfaceOrientationPortraitUpsideDown UIInterfaceOrientationLandscapeLeft UIInterfaceOrientationLandscapeRight";
				INFOPLIST_KEY_UISupportedInterfaceOrientations_iPhone = "UIInterfaceOrientationPortrait UIInterfaceOrientationLandscapeLeft UIInterfaceOrientationLandscapeRight";
				LD_RUNPATH_SEARCH_PATHS = (
					"$(inherited)",
					"@executable_path/Frameworks",
				);
				MARKETING_VERSION = 1.0;
				PRODUCT_BUNDLE_IDENTIFIER = "seo.HCI-2";
				PRODUCT_NAME = "$(TARGET_NAME)";
				SWIFT_EMIT_LOC_STRINGS = YES;
				SWIFT_VERSION = 5.0;
				TARGETED_DEVICE_FAMILY = "1,2";
			};
			name = Release;
		};
		B55D21522CD5C5DA00179EBB /* Debug */ = {
			isa = XCBuildConfiguration;
			buildSettings = {
				ALWAYS_EMBED_SWIFT_STANDARD_LIBRARIES = YES;
				BUNDLE_LOADER = "$(TEST_HOST)";
				CODE_SIGN_STYLE = Automatic;
				CURRENT_PROJECT_VERSION = 1;
				GENERATE_INFOPLIST_FILE = YES;
				IPHONEOS_DEPLOYMENT_TARGET = 17.2;
				MARKETING_VERSION = 1.0;
				PRODUCT_BUNDLE_IDENTIFIER = "seo.HCI-2Tests";
				PRODUCT_NAME = "$(TARGET_NAME)";
				SWIFT_EMIT_LOC_STRINGS = NO;
				SWIFT_VERSION = 5.0;
				TARGETED_DEVICE_FAMILY = "1,2";
				TEST_HOST = "$(BUILT_PRODUCTS_DIR)/HCI_2.app/$(BUNDLE_EXECUTABLE_FOLDER_PATH)/HCI_2";
			};
			name = Debug;
		};
		B55D21532CD5C5DA00179EBB /* Release */ = {
			isa = XCBuildConfiguration;
			buildSettings = {
				ALWAYS_EMBED_SWIFT_STANDARD_LIBRARIES = YES;
				BUNDLE_LOADER = "$(TEST_HOST)";
				CODE_SIGN_STYLE = Automatic;
				CURRENT_PROJECT_VERSION = 1;
				GENERATE_INFOPLIST_FILE = YES;
				IPHONEOS_DEPLOYMENT_TARGET = 17.2;
				MARKETING_VERSION = 1.0;
				PRODUCT_BUNDLE_IDENTIFIER = "seo.HCI-2Tests";
				PRODUCT_NAME = "$(TARGET_NAME)";
				SWIFT_EMIT_LOC_STRINGS = NO;
				SWIFT_VERSION = 5.0;
				TARGETED_DEVICE_FAMILY = "1,2";
				TEST_HOST = "$(BUILT_PRODUCTS_DIR)/HCI_2.app/$(BUNDLE_EXECUTABLE_FOLDER_PATH)/HCI_2";
			};
			name = Release;
		};
		B55D21552CD5C5DA00179EBB /* Debug */ = {
			isa = XCBuildConfiguration;
			buildSettings = {
				ALWAYS_EMBED_SWIFT_STANDARD_LIBRARIES = YES;
				CODE_SIGN_STYLE = Automatic;
				CURRENT_PROJECT_VERSION = 1;
				GENERATE_INFOPLIST_FILE = YES;
				MARKETING_VERSION = 1.0;
				PRODUCT_BUNDLE_IDENTIFIER = "seo.HCI-2UITests";
				PRODUCT_NAME = "$(TARGET_NAME)";
				SWIFT_EMIT_LOC_STRINGS = NO;
				SWIFT_VERSION = 5.0;
				TARGETED_DEVICE_FAMILY = "1,2";
				TEST_TARGET_NAME = HCI_2;
			};
			name = Debug;
		};
		B55D21562CD5C5DA00179EBB /* Release */ = {
			isa = XCBuildConfiguration;
			buildSettings = {
				ALWAYS_EMBED_SWIFT_STANDARD_LIBRARIES = YES;
				CODE_SIGN_STYLE = Automatic;
				CURRENT_PROJECT_VERSION = 1;
				GENERATE_INFOPLIST_FILE = YES;
				MARKETING_VERSION = 1.0;
				PRODUCT_BUNDLE_IDENTIFIER = "seo.HCI-2UITests";
				PRODUCT_NAME = "$(TARGET_NAME)";
				SWIFT_EMIT_LOC_STRINGS = NO;
				SWIFT_VERSION = 5.0;
				TARGETED_DEVICE_FAMILY = "1,2";
				TEST_TARGET_NAME = HCI_2;
			};
			name = Release;
		};
/* End XCBuildConfiguration section */

/* Begin XCConfigurationList section */
		B55D21252CD5C5D700179EBB /* Build configuration list for PBXProject "HCI_2" */ = {
			isa = XCConfigurationList;
			buildConfigurations = (
				B55D214C2CD5C5DA00179EBB /* Debug */,
				B55D214D2CD5C5DA00179EBB /* Release */,
			);
			defaultConfigurationIsVisible = 0;
			defaultConfigurationName = Release;
		};
		B55D214E2CD5C5DA00179EBB /* Build configuration list for PBXNativeTarget "HCI_2" */ = {
			isa = XCConfigurationList;
			buildConfigurations = (
				B55D214F2CD5C5DA00179EBB /* Debug */,
				B55D21502CD5C5DA00179EBB /* Release */,
			);
			defaultConfigurationIsVisible = 0;
			defaultConfigurationName = Release;
		};
		B55D21512CD5C5DA00179EBB /* Build configuration list for PBXNativeTarget "HCI_2Tests" */ = {
			isa = XCConfigurationList;
			buildConfigurations = (
				B55D21522CD5C5DA00179EBB /* Debug */,
				B55D21532CD5C5DA00179EBB /* Release */,
			);
			defaultConfigurationIsVisible = 0;
			defaultConfigurationName = Release;
		};
		B55D21542CD5C5DA00179EBB /* Build configuration list for PBXNativeTarget "HCI_2UITests" */ = {
			isa = XCConfigurationList;
			buildConfigurations = (
				B55D21552CD5C5DA00179EBB /* Debug */,
				B55D21562CD5C5DA00179EBB /* Release */,
			);
			defaultConfigurationIsVisible = 0;
			defaultConfigurationName = Release;
		};
/* End XCConfigurationList section */
	};
	rootObject = B55D21222CD5C5D700179EBB /* Project object */;
}
